# This file is automatically @generated by Cargo.
# It is not intended for manual editing.
[[package]]
name = "CoreFoundation-sys"
version = "0.1.4"
source = "registry+git://mirrors.ustc.edu.cn/crates.io-index"
dependencies = [
 "libc 0.2.68 (registry+git://mirrors.ustc.edu.cn/crates.io-index)",
 "mach 0.1.2 (registry+git://mirrors.ustc.edu.cn/crates.io-index)",
]

[[package]]
name = "IOKit-sys"
version = "0.1.5"
source = "registry+git://mirrors.ustc.edu.cn/crates.io-index"
dependencies = [
 "CoreFoundation-sys 0.1.4 (registry+git://mirrors.ustc.edu.cn/crates.io-index)",
 "libc 0.2.68 (registry+git://mirrors.ustc.edu.cn/crates.io-index)",
 "mach 0.1.2 (registry+git://mirrors.ustc.edu.cn/crates.io-index)",
]

[[package]]
name = "aho-corasick"
version = "0.7.10"
source = "registry+git://mirrors.ustc.edu.cn/crates.io-index"
dependencies = [
 "memchr 2.3.3 (registry+git://mirrors.ustc.edu.cn/crates.io-index)",
]

[[package]]
name = "bitflags"
version = "1.2.1"
source = "registry+git://mirrors.ustc.edu.cn/crates.io-index"

[[package]]
name = "bp1000ch-rs"
version = "0.1.0"
dependencies = [
 "rand 0.7.3 (registry+git://mirrors.ustc.edu.cn/crates.io-index)",
 "serde 1.0.106 (registry+git://mirrors.ustc.edu.cn/crates.io-index)",
 "serialport 3.3.0 (registry+git://mirrors.ustc.edu.cn/crates.io-index)",
 "toml 0.5.6 (registry+git://mirrors.ustc.edu.cn/crates.io-index)",
]

[[package]]
name = "cc"
version = "1.0.50"
source = "registry+git://mirrors.ustc.edu.cn/crates.io-index"

[[package]]
name = "cfg-if"
version = "0.1.10"
source = "registry+git://mirrors.ustc.edu.cn/crates.io-index"

[[package]]
name = "getrandom"
version = "0.1.14"
source = "registry+git://mirrors.ustc.edu.cn/crates.io-index"
dependencies = [
 "cfg-if 0.1.10 (registry+git://mirrors.ustc.edu.cn/crates.io-index)",
 "libc 0.2.68 (registry+git://mirrors.ustc.edu.cn/crates.io-index)",
 "wasi 0.9.0+wasi-snapshot-preview1 (registry+git://mirrors.ustc.edu.cn/crates.io-index)",
]

[[package]]
name = "lazy_static"
version = "1.4.0"
source = "registry+git://mirrors.ustc.edu.cn/crates.io-index"

[[package]]
name = "libc"
version = "0.2.68"
source = "registry+git://mirrors.ustc.edu.cn/crates.io-index"

[[package]]
name = "libudev"
version = "0.2.0"
source = "registry+git://mirrors.ustc.edu.cn/crates.io-index"
dependencies = [
 "libc 0.2.68 (registry+git://mirrors.ustc.edu.cn/crates.io-index)",
 "libudev-sys 0.1.4 (registry+git://mirrors.ustc.edu.cn/crates.io-index)",
]

[[package]]
name = "libudev-sys"
version = "0.1.4"
source = "registry+git://mirrors.ustc.edu.cn/crates.io-index"
dependencies = [
 "libc 0.2.68 (registry+git://mirrors.ustc.edu.cn/crates.io-index)",
 "pkg-config 0.3.17 (registry+git://mirrors.ustc.edu.cn/crates.io-index)",
]

[[package]]
name = "mach"
version = "0.1.2"
source = "registry+git://mirrors.ustc.edu.cn/crates.io-index"
dependencies = [
 "libc 0.2.68 (registry+git://mirrors.ustc.edu.cn/crates.io-index)",
]

[[package]]
name = "mach"
version = "0.2.3"
source = "registry+git://mirrors.ustc.edu.cn/crates.io-index"
dependencies = [
 "libc 0.2.68 (registry+git://mirrors.ustc.edu.cn/crates.io-index)",
]

[[package]]
name = "memchr"
version = "2.3.3"
source = "registry+git://mirrors.ustc.edu.cn/crates.io-index"

[[package]]
name = "nix"
version = "0.14.1"
source = "registry+git://mirrors.ustc.edu.cn/crates.io-index"
dependencies = [
 "bitflags 1.2.1 (registry+git://mirrors.ustc.edu.cn/crates.io-index)",
 "cc 1.0.50 (registry+git://mirrors.ustc.edu.cn/crates.io-index)",
 "cfg-if 0.1.10 (registry+git://mirrors.ustc.edu.cn/crates.io-index)",
 "libc 0.2.68 (registry+git://mirrors.ustc.edu.cn/crates.io-index)",
 "void 1.0.2 (registry+git://mirrors.ustc.edu.cn/crates.io-index)",
]

[[package]]
name = "pkg-config"
version = "0.3.17"
source = "registry+git://mirrors.ustc.edu.cn/crates.io-index"

[[package]]
name = "ppv-lite86"
version = "0.2.6"
source = "registry+git://mirrors.ustc.edu.cn/crates.io-index"

[[package]]
name = "proc-macro2"
version = "1.0.10"
source = "registry+git://mirrors.ustc.edu.cn/crates.io-index"
dependencies = [
 "unicode-xid 0.2.0 (registry+git://mirrors.ustc.edu.cn/crates.io-index)",
]

[[package]]
name = "quote"
version = "1.0.3"
source = "registry+git://mirrors.ustc.edu.cn/crates.io-index"
dependencies = [
 "proc-macro2 1.0.10 (registry+git://mirrors.ustc.edu.cn/crates.io-index)",
]

[[package]]
name = "rand"
version = "0.7.3"
source = "registry+git://mirrors.ustc.edu.cn/crates.io-index"
dependencies = [
 "getrandom 0.1.14 (registry+git://mirrors.ustc.edu.cn/crates.io-index)",
 "libc 0.2.68 (registry+git://mirrors.ustc.edu.cn/crates.io-index)",
 "rand_chacha 0.2.2 (registry+git://mirrors.ustc.edu.cn/crates.io-index)",
 "rand_core 0.5.1 (registry+git://mirrors.ustc.edu.cn/crates.io-index)",
 "rand_hc 0.2.0 (registry+git://mirrors.ustc.edu.cn/crates.io-index)",
]

[[package]]
name = "rand_chacha"
version = "0.2.2"
source = "registry+git://mirrors.ustc.edu.cn/crates.io-index"
dependencies = [
 "ppv-lite86 0.2.6 (registry+git://mirrors.ustc.edu.cn/crates.io-index)",
 "rand_core 0.5.1 (registry+git://mirrors.ustc.edu.cn/crates.io-index)",
]

[[package]]
name = "rand_core"
version = "0.5.1"
source = "registry+git://mirrors.ustc.edu.cn/crates.io-index"
dependencies = [
 "getrandom 0.1.14 (registry+git://mirrors.ustc.edu.cn/crates.io-index)",
]

[[package]]
name = "rand_hc"
version = "0.2.0"
source = "registry+git://mirrors.ustc.edu.cn/crates.io-index"
dependencies = [
 "rand_core 0.5.1 (registry+git://mirrors.ustc.edu.cn/crates.io-index)",
]

[[package]]
name = "regex"
version = "1.3.6"
source = "registry+git://mirrors.ustc.edu.cn/crates.io-index"
dependencies = [
 "aho-corasick 0.7.10 (registry+git://mirrors.ustc.edu.cn/crates.io-index)",
 "memchr 2.3.3 (registry+git://mirrors.ustc.edu.cn/crates.io-index)",
 "regex-syntax 0.6.17 (registry+git://mirrors.ustc.edu.cn/crates.io-index)",
 "thread_local 1.0.1 (registry+git://mirrors.ustc.edu.cn/crates.io-index)",
]

[[package]]
name = "regex-syntax"
version = "0.6.17"
source = "registry+git://mirrors.ustc.edu.cn/crates.io-index"

[[package]]
name = "serde"
version = "1.0.106"
source = "registry+git://mirrors.ustc.edu.cn/crates.io-index"
dependencies = [
 "serde_derive 1.0.106 (registry+git://mirrors.ustc.edu.cn/crates.io-index)",
]

[[package]]
name = "serde_derive"
version = "1.0.106"
source = "registry+git://mirrors.ustc.edu.cn/crates.io-index"
dependencies = [
 "proc-macro2 1.0.10 (registry+git://mirrors.ustc.edu.cn/crates.io-index)",
 "quote 1.0.3 (registry+git://mirrors.ustc.edu.cn/crates.io-index)",
 "syn 1.0.17 (registry+git://mirrors.ustc.edu.cn/crates.io-index)",
]

[[package]]
name = "serialport"
version = "3.3.0"
source = "registry+git://mirrors.ustc.edu.cn/crates.io-index"
dependencies = [
 "CoreFoundation-sys 0.1.4 (registry+git://mirrors.ustc.edu.cn/crates.io-index)",
 "IOKit-sys 0.1.5 (registry+git://mirrors.ustc.edu.cn/crates.io-index)",
 "bitflags 1.2.1 (registry+git://mirrors.ustc.edu.cn/crates.io-index)",
 "cfg-if 0.1.10 (registry+git://mirrors.ustc.edu.cn/crates.io-index)",
 "libudev 0.2.0 (registry+git://mirrors.ustc.edu.cn/crates.io-index)",
 "mach 0.2.3 (registry+git://mirrors.ustc.edu.cn/crates.io-index)",
 "nix 0.14.1 (registry+git://mirrors.ustc.edu.cn/crates.io-index)",
 "regex 1.3.6 (registry+git://mirrors.ustc.edu.cn/crates.io-index)",
 "winapi 0.3.8 (registry+git://mirrors.ustc.edu.cn/crates.io-index)",
]

[[package]]
name = "syn"
version = "1.0.17"
source = "registry+git://mirrors.ustc.edu.cn/crates.io-index"
dependencies = [
 "proc-macro2 1.0.10 (registry+git://mirrors.ustc.edu.cn/crates.io-index)",
 "quote 1.0.3 (registry+git://mirrors.ustc.edu.cn/crates.io-index)",
 "unicode-xid 0.2.0 (registry+git://mirrors.ustc.edu.cn/crates.io-index)",
]

[[package]]
name = "thread_local"
version = "1.0.1"
source = "registry+git://mirrors.ustc.edu.cn/crates.io-index"
dependencies = [
 "lazy_static 1.4.0 (registry+git://mirrors.ustc.edu.cn/crates.io-index)",
]

[[package]]
name = "toml"
version = "0.5.6"
source = "registry+git://mirrors.ustc.edu.cn/crates.io-index"
dependencies = [
 "serde 1.0.106 (registry+git://mirrors.ustc.edu.cn/crates.io-index)",
]

[[package]]
name = "unicode-xid"
version = "0.2.0"
source = "registry+git://mirrors.ustc.edu.cn/crates.io-index"

[[package]]
name = "void"
version = "1.0.2"
source = "registry+git://mirrors.ustc.edu.cn/crates.io-index"

[[package]]
name = "wasi"
version = "0.9.0+wasi-snapshot-preview1"
source = "registry+git://mirrors.ustc.edu.cn/crates.io-index"

[[package]]
name = "winapi"
version = "0.3.8"
source = "registry+git://mirrors.ustc.edu.cn/crates.io-index"
dependencies = [
 "winapi-i686-pc-windows-gnu 0.4.0 (registry+git://mirrors.ustc.edu.cn/crates.io-index)",
 "winapi-x86_64-pc-windows-gnu 0.4.0 (registry+git://mirrors.ustc.edu.cn/crates.io-index)",
]

[[package]]
name = "winapi-i686-pc-windows-gnu"
version = "0.4.0"
source = "registry+git://mirrors.ustc.edu.cn/crates.io-index"

[[package]]
name = "winapi-x86_64-pc-windows-gnu"
version = "0.4.0"
source = "registry+git://mirrors.ustc.edu.cn/crates.io-index"

[metadata]
"checksum CoreFoundation-sys 0.1.4 (registry+git://mirrors.ustc.edu.cn/crates.io-index)" = "d0e9889e6db118d49d88d84728d0e964d973a5680befb5f85f55141beea5c20b"
"checksum IOKit-sys 0.1.5 (registry+git://mirrors.ustc.edu.cn/crates.io-index)" = "99696c398cbaf669d2368076bdb3d627fb0ce51a26899d7c61228c5c0af3bf4a"
"checksum aho-corasick 0.7.10 (registry+git://mirrors.ustc.edu.cn/crates.io-index)" = "8716408b8bc624ed7f65d223ddb9ac2d044c0547b6fa4b0d554f3a9540496ada"
"checksum bitflags 1.2.1 (registry+git://mirrors.ustc.edu.cn/crates.io-index)" = "cf1de2fe8c75bc145a2f577add951f8134889b4795d47466a54a5c846d691693"
"checksum cc 1.0.50 (registry+git://mirrors.ustc.edu.cn/crates.io-index)" = "95e28fa049fda1c330bcf9d723be7663a899c4679724b34c81e9f5a326aab8cd"
"checksum cfg-if 0.1.10 (registry+git://mirrors.ustc.edu.cn/crates.io-index)" = "4785bdd1c96b2a846b2bd7cc02e86b6b3dbf14e7e53446c4f54c92a361040822"
"checksum getrandom 0.1.14 (registry+git://mirrors.ustc.edu.cn/crates.io-index)" = "7abc8dd8451921606d809ba32e95b6111925cd2906060d2dcc29c070220503eb"
"checksum lazy_static 1.4.0 (registry+git://mirrors.ustc.edu.cn/crates.io-index)" = "e2abad23fbc42b3700f2f279844dc832adb2b2eb069b2df918f455c4e18cc646"
"checksum libc 0.2.68 (registry+git://mirrors.ustc.edu.cn/crates.io-index)" = "dea0c0405123bba743ee3f91f49b1c7cfb684eef0da0a50110f758ccf24cdff0"
"checksum libudev 0.2.0 (registry+git://mirrors.ustc.edu.cn/crates.io-index)" = "ea626d3bdf40a1c5aee3bcd4f40826970cae8d80a8fec934c82a63840094dcfe"
"checksum libudev-sys 0.1.4 (registry+git://mirrors.ustc.edu.cn/crates.io-index)" = "3c8469b4a23b962c1396b9b451dda50ef5b283e8dd309d69033475fa9b334324"
"checksum mach 0.1.2 (registry+git://mirrors.ustc.edu.cn/crates.io-index)" = "2fd13ee2dd61cc82833ba05ade5a30bb3d63f7ced605ef827063c63078302de9"
"checksum mach 0.2.3 (registry+git://mirrors.ustc.edu.cn/crates.io-index)" = "86dd2487cdfea56def77b88438a2c915fb45113c5319bfe7e14306ca4cd0b0e1"
"checksum memchr 2.3.3 (registry+git://mirrors.ustc.edu.cn/crates.io-index)" = "3728d817d99e5ac407411fa471ff9800a778d88a24685968b36824eaf4bee400"
"checksum nix 0.14.1 (registry+git://mirrors.ustc.edu.cn/crates.io-index)" = "6c722bee1037d430d0f8e687bbdbf222f27cc6e4e68d5caf630857bb2b6dbdce"
"checksum pkg-config 0.3.17 (registry+git://mirrors.ustc.edu.cn/crates.io-index)" = "05da548ad6865900e60eaba7f589cc0783590a92e940c26953ff81ddbab2d677"
"checksum ppv-lite86 0.2.6 (registry+git://mirrors.ustc.edu.cn/crates.io-index)" = "74490b50b9fbe561ac330df47c08f3f33073d2d00c150f719147d7c54522fa1b"
"checksum proc-macro2 1.0.10 (registry+git://mirrors.ustc.edu.cn/crates.io-index)" = "df246d292ff63439fea9bc8c0a270bed0e390d5ebd4db4ba15aba81111b5abe3"
"checksum quote 1.0.3 (registry+git://mirrors.ustc.edu.cn/crates.io-index)" = "2bdc6c187c65bca4260c9011c9e3132efe4909da44726bad24cf7572ae338d7f"
"checksum rand 0.7.3 (registry+git://mirrors.ustc.edu.cn/crates.io-index)" = "6a6b1679d49b24bbfe0c803429aa1874472f50d9b363131f0e89fc356b544d03"
"checksum rand_chacha 0.2.2 (registry+git://mirrors.ustc.edu.cn/crates.io-index)" = "f4c8ed856279c9737206bf725bf36935d8666ead7aa69b52be55af369d193402"
"checksum rand_core 0.5.1 (registry+git://mirrors.ustc.edu.cn/crates.io-index)" = "90bde5296fc891b0cef12a6d03ddccc162ce7b2aff54160af9338f8d40df6d19"
"checksum rand_hc 0.2.0 (registry+git://mirrors.ustc.edu.cn/crates.io-index)" = "ca3129af7b92a17112d59ad498c6f81eaf463253766b90396d39ea7a39d6613c"
"checksum regex 1.3.6 (registry+git://mirrors.ustc.edu.cn/crates.io-index)" = "7f6946991529684867e47d86474e3a6d0c0ab9b82d5821e314b1ede31fa3a4b3"
"checksum regex-syntax 0.6.17 (registry+git://mirrors.ustc.edu.cn/crates.io-index)" = "7fe5bd57d1d7414c6b5ed48563a2c855d995ff777729dcd91c369ec7fea395ae"
"checksum serde 1.0.106 (registry+git://mirrors.ustc.edu.cn/crates.io-index)" = "36df6ac6412072f67cf767ebbde4133a5b2e88e76dc6187fa7104cd16f783399"
"checksum serde_derive 1.0.106 (registry+git://mirrors.ustc.edu.cn/crates.io-index)" = "9e549e3abf4fb8621bd1609f11dfc9f5e50320802273b12f3811a67e6716ea6c"
"checksum serialport 3.3.0 (registry+git://mirrors.ustc.edu.cn/crates.io-index)" = "5b8d3ecaf58010bedccae17be55d4ed6f2ecde5646fc48ce8c66ea2d35a1419c"
"checksum syn 1.0.17 (registry+git://mirrors.ustc.edu.cn/crates.io-index)" = "0df0eb663f387145cab623dea85b09c2c5b4b0aef44e945d928e682fce71bb03"
"checksum thread_local 1.0.1 (registry+git://mirrors.ustc.edu.cn/crates.io-index)" = "d40c6d1b69745a6ec6fb1ca717914848da4b44ae29d9b3080cbee91d72a69b14"
"checksum toml 0.5.6 (registry+git://mirrors.ustc.edu.cn/crates.io-index)" = "ffc92d160b1eef40665be3a05630d003936a3bc7da7421277846c2613e92c71a"
"checksum unicode-xid 0.2.0 (registry+git://mirrors.ustc.edu.cn/crates.io-index)" = "826e7639553986605ec5979c7dd957c7895e93eabed50ab2ffa7f6128a75097c"
"checksum void 1.0.2 (registry+git://mirrors.ustc.edu.cn/crates.io-index)" = "6a02e4885ed3bc0f2de90ea6dd45ebcbb66dacffe03547fadbb0eeae2770887d"
"checksum wasi 0.9.0+wasi-snapshot-preview1 (registry+git://mirrors.ustc.edu.cn/crates.io-index)" = "cccddf32554fecc6acb585f82a32a72e28b48f8c4c1883ddfeeeaa96f7d8e519"
"checksum winapi 0.3.8 (registry+git://mirrors.ustc.edu.cn/crates.io-index)" = "8093091eeb260906a183e6ae1abdba2ef5ef2257a21801128899c3fc699229c6"
"checksum winapi-i686-pc-windows-gnu 0.4.0 (registry+git://mirrors.ustc.edu.cn/crates.io-index)" = "ac3b87c63620426dd9b991e5ce0329eff545bccbbb34f3be09ff6fb6ab51b7b6"
"checksum winapi-x86_64-pc-windows-gnu 0.4.0 (registry+git://mirrors.ustc.edu.cn/crates.io-index)" = "712e227841d057c1ee1cd2fb22fa7e5a5461ae8e48fa2ca79ec42cfc1931183f"
